
Microsoft Visual Studio Solution File, Format Version 12.00
# Visual Studio Version 16
VisualStudioVersion = 16.0.30114.105
MinimumVisualStudioVersion = 10.0.40219.1
Project("{FAE04EC0-301F-11D3-BF4B-00C04F79EFBC}") = "Classlib", "Classlib\Classlib.csproj", "{4E38DEB3-2E5E-4B19-8972-00BB7BC00A32}"
EndProject
Project("{FAE04EC0-301F-11D3-BF4B-00C04F79EFBC}") = "Tests", "Tests\Tests.csproj", "{D9BBB189-E36D-4B6F-8A11-7A48BE892408}"
EndProject
Global
	GlobalSection(SolutionConfigurationPlatforms) = preSolution
		Debug|Any CPU = Debug|Any CPU
		Release|Any CPU = Release|Any CPU
	EndGlobalSection
	GlobalSection(SolutionProperties) = preSolution
		HideSolutionNode = FALSE
	EndGlobalSection
	GlobalSection(ProjectConfigurationPlatforms) = postSolution
		{4E38DEB3-2E5E-4B19-8972-00BB7BC00A32}.Debug|Any CPU.ActiveCfg = Debug|Any CPU
		{4E38DEB3-2E5E-4B19-8972-00BB7BC00A32}.Debug|Any CPU.Build.0 = Debug|Any CPU
		{4E38DEB3-2E5E-4B19-8972-00BB7BC00A32}.Release|Any CPU.ActiveCfg = Release|Any CPU
		{4E38DEB3-2E5E-4B19-8972-00BB7BC00A32}.Release|Any CPU.Build.0 = Release|Any CPU
		{D9BBB189-E36D-4B6F-8A11-7A48BE892408}.Debug|Any CPU.ActiveCfg = Debug|Any CPU
		{D9BBB189-E36D-4B6F-8A11-7A48BE892408}.Debug|Any CPU.Build.0 = Debug|Any CPU
		{D9BBB189-E36D-4B6F-8A11-7A48BE892408}.Release|Any CPU.ActiveCfg = Release|Any CPU
		{D9BBB189-E36D-4B6F-8A11-7A48BE892408}.Release|Any CPU.Build.0 = Release|Any CPU
	EndGlobalSection
EndGlobal
